
Microsoft Visual Studio Solution File, Format Version 12.00
# Visual Studio Version 17
VisualStudioVersion = 17.0.32112.339
MinimumVisualStudioVersion = 10.0.40219.1
Project("{FAE04EC0-301F-11D3-BF4B-00C04F79EFBC}") = "EmployeeWageProblem", "EmployeeWageProblem\EmployeeWageProblem.csproj", "{238D0EFC-1877-4E1C-9010-701BC4D9D26E}"
EndProject
Global
	GlobalSection(SolutionConfigurationPlatforms) = preSolution
		Debug|Any CPU = Debug|Any CPU
		Release|Any CPU = Release|Any CPU
	EndGlobalSection
	GlobalSection(ProjectConfigurationPlatforms) = postSolution
		{238D0EFC-1877-4E1C-9010-701BC4D9D26E}.Debug|Any CPU.ActiveCfg = Debug|Any CPU
		{238D0EFC-1877-4E1C-9010-701BC4D9D26E}.Debug|Any CPU.Build.0 = Debug|Any CPU
		{238D0EFC-1877-4E1C-9010-701BC4D9D26E}.Release|Any CPU.ActiveCfg = Release|Any CPU
		{238D0EFC-1877-4E1C-9010-701BC4D9D26E}.Release|Any CPU.Build.0 = Release|Any CPU
	EndGlobalSection
	GlobalSection(SolutionProperties) = preSolution
		HideSolutionNode = FALSE
	EndGlobalSection
	GlobalSection(ExtensibilityGlobals) = postSolution
		SolutionGuid = {87694CE0-1757-4A28-9B90-8BBD7344E5A0}
	EndGlobalSection
EndGlobal
